
Microsoft Visual Studio Solution File, Format Version 12.00
# Visual Studio Version 17
VisualStudioVersion = 17.5.33516.290
MinimumVisualStudioVersion = 10.0.40219.1
Project("{9A19103F-16F7-4668-BE54-9A1E7A4F7556}") = "EstoqueWeb", "EstoqueWeb.csproj", "{198ACBA9-EC10-4E9E-9299-719DB9895EC8}"
EndProject
Global
	GlobalSection(SolutionConfigurationPlatforms) = preSolution
		Debug|Any CPU = Debug|Any CPU
		Release|Any CPU = Release|Any CPU
	EndGlobalSection
	GlobalSection(ProjectConfigurationPlatforms) = postSolution
		{198ACBA9-EC10-4E9E-9299-719DB9895EC8}.Debug|Any CPU.ActiveCfg = Debug|Any CPU
		{198ACBA9-EC10-4E9E-9299-719DB9895EC8}.Debug|Any CPU.Build.0 = Debug|Any CPU
		{198ACBA9-EC10-4E9E-9299-719DB9895EC8}.Release|Any CPU.ActiveCfg = Release|Any CPU
		{198ACBA9-EC10-4E9E-9299-719DB9895EC8}.Release|Any CPU.Build.0 = Release|Any CPU
	EndGlobalSection
	GlobalSection(SolutionProperties) = preSolution
		HideSolutionNode = FALSE
	EndGlobalSection
	GlobalSection(ExtensibilityGlobals) = postSolution
		SolutionGuid = {3BE9860B-DCBA-4EC7-9FBB-55B1A23AD086}
	EndGlobalSection
EndGlobal
