
Microsoft Visual Studio Solution File, Format Version 12.00
# Visual Studio Version 17
VisualStudioVersion = 17.5.33516.290
MinimumVisualStudioVersion = 10.0.40219.1
Project("{9A19103F-16F7-4668-BE54-9A1E7A4F7556}") = "GaleriaDeImagens", "GaleriaDeImagens.csproj", "{6B4CE448-3BAD-47D8-A12F-C52E11DC189E}"
EndProject
Global
	GlobalSection(SolutionConfigurationPlatforms) = preSolution
		Debug|Any CPU = Debug|Any CPU
		Release|Any CPU = Release|Any CPU
	EndGlobalSection
	GlobalSection(ProjectConfigurationPlatforms) = postSolution
		{6B4CE448-3BAD-47D8-A12F-C52E11DC189E}.Debug|Any CPU.ActiveCfg = Debug|Any CPU
		{6B4CE448-3BAD-47D8-A12F-C52E11DC189E}.Debug|Any CPU.Build.0 = Debug|Any CPU
		{6B4CE448-3BAD-47D8-A12F-C52E11DC189E}.Release|Any CPU.ActiveCfg = Release|Any CPU
		{6B4CE448-3BAD-47D8-A12F-C52E11DC189E}.Release|Any CPU.Build.0 = Release|Any CPU
	EndGlobalSection
	GlobalSection(SolutionProperties) = preSolution
		HideSolutionNode = FALSE
	EndGlobalSection
	GlobalSection(ExtensibilityGlobals) = postSolution
		SolutionGuid = {20F738F2-19D6-4385-9FC2-08958840B6B5}
	EndGlobalSection
EndGlobal
